
Microsoft Visual Studio Solution File, Format Version 12.00
# Visual Studio 14
Project("{2150E333-8FDC-42A3-9474-1A3956D46DE8}") = "CMakePredefinedTargets", "CMakePredefinedTargets", "{2A579549-0EE9-3F9A-A327-9096BCB8D111}"
EndProject
Project("{2150E333-8FDC-42A3-9474-1A3956D46DE8}") = "External", "External", "{E6747B59-6593-3924-A3F7-EA90D1422EF4}"
EndProject
Project("{2150E333-8FDC-42A3-9474-1A3956D46DE8}") = "Internal", "Internal", "{042E1C9F-1AA4-3EC4-9A36-A95C5C3C13E2}"
EndProject
Project("{8BC9CEB8-8B4A-11D0-8D11-00A0C91BC942}") = "ALL_BUILD", "ALL_BUILD.vcxproj", "{951A4829-ECE5-3E37-81DB-72C5DF13F7A0}"
	ProjectSection(ProjectDependencies) = postProject
		{FBBCBB5E-D09B-3C5F-BF13-063BA9C0829F} = {FBBCBB5E-D09B-3C5F-BF13-063BA9C0829F}
		{B8014718-4582-3278-8404-5EA4051E02A0} = {B8014718-4582-3278-8404-5EA4051E02A0}
		{28849446-FB84-3F87-A485-9ABB13A8E601} = {28849446-FB84-3F87-A485-9ABB13A8E601}
		{6ED7CE38-932C-3ED3-8101-1905928D5CE5} = {6ED7CE38-932C-3ED3-8101-1905928D5CE5}
		{E8062C0F-33F2-3313-AA2D-42756007EBAF} = {E8062C0F-33F2-3313-AA2D-42756007EBAF}
		{6865C004-B636-38AA-9944-6A9C1A52450F} = {6865C004-B636-38AA-9944-6A9C1A52450F}
		{35AD9540-C0DC-3C56-9382-5FCECAC339D3} = {35AD9540-C0DC-3C56-9382-5FCECAC339D3}
		{3CFA1844-A22F-3C28-994C-17DF5C76DE9B} = {3CFA1844-A22F-3C28-994C-17DF5C76DE9B}
		{44AE91A8-5480-3F63-B02F-87F789CF887E} = {44AE91A8-5480-3F63-B02F-87F789CF887E}
		{25CFC50E-F5F7-37D3-9371-F4E3976113EC} = {25CFC50E-F5F7-37D3-9371-F4E3976113EC}
		{B6E5DEAC-3991-3859-B3A1-23C197FAD9BC} = {B6E5DEAC-3991-3859-B3A1-23C197FAD9BC}
		{3169C8D5-EF42-394E-ACBB-7A3F5CDC1A71} = {3169C8D5-EF42-394E-ACBB-7A3F5CDC1A71}
		{CF824201-3A3D-33C0-80CC-BB447E1C0FBF} = {CF824201-3A3D-33C0-80CC-BB447E1C0FBF}
	EndProjectSection
EndProject
Project("{8BC9CEB8-8B4A-11D0-8D11-00A0C91BC942}") = "ZERO_CHECK", "..\..\..\\ZERO_CHECK.vcxproj", "{FBBCBB5E-D09B-3C5F-BF13-063BA9C0829F}"
	ProjectSection(ProjectDependencies) = postProject
	EndProjectSection
EndProject
Project("{8BC9CEB8-8B4A-11D0-8D11-00A0C91BC942}") = "cocos2d", "cocos2d.vcxproj", "{B8014718-4582-3278-8404-5EA4051E02A0}"
	ProjectSection(ProjectDependencies) = postProject
		{FBBCBB5E-D09B-3C5F-BF13-063BA9C0829F} = {FBBCBB5E-D09B-3C5F-BF13-063BA9C0829F}
		{28849446-FB84-3F87-A485-9ABB13A8E601} = {28849446-FB84-3F87-A485-9ABB13A8E601}
		{6ED7CE38-932C-3ED3-8101-1905928D5CE5} = {6ED7CE38-932C-3ED3-8101-1905928D5CE5}
		{E8062C0F-33F2-3313-AA2D-42756007EBAF} = {E8062C0F-33F2-3313-AA2D-42756007EBAF}
		{6865C004-B636-38AA-9944-6A9C1A52450F} = {6865C004-B636-38AA-9944-6A9C1A52450F}
		{35AD9540-C0DC-3C56-9382-5FCECAC339D3} = {35AD9540-C0DC-3C56-9382-5FCECAC339D3}
		{3CFA1844-A22F-3C28-994C-17DF5C76DE9B} = {3CFA1844-A22F-3C28-994C-17DF5C76DE9B}
		{44AE91A8-5480-3F63-B02F-87F789CF887E} = {44AE91A8-5480-3F63-B02F-87F789CF887E}
		{25CFC50E-F5F7-37D3-9371-F4E3976113EC} = {25CFC50E-F5F7-37D3-9371-F4E3976113EC}
		{B6E5DEAC-3991-3859-B3A1-23C197FAD9BC} = {B6E5DEAC-3991-3859-B3A1-23C197FAD9BC}
		{3169C8D5-EF42-394E-ACBB-7A3F5CDC1A71} = {3169C8D5-EF42-394E-ACBB-7A3F5CDC1A71}
		{CF824201-3A3D-33C0-80CC-BB447E1C0FBF} = {CF824201-3A3D-33C0-80CC-BB447E1C0FBF}
	EndProjectSection
EndProject
Project("{8BC9CEB8-8B4A-11D0-8D11-00A0C91BC942}") = "ext_clipper", "..\..\external\clipper\ext_clipper.vcxproj", "{28849446-FB84-3F87-A485-9ABB13A8E601}"
	ProjectSection(ProjectDependencies) = postProject
		{FBBCBB5E-D09B-3C5F-BF13-063BA9C0829F} = {FBBCBB5E-D09B-3C5F-BF13-063BA9C0829F}
	EndProjectSection
EndProject
Project("{8BC9CEB8-8B4A-11D0-8D11-00A0C91BC942}") = "ext_convertUTF", "..\..\external\ConvertUTF\ext_convertUTF.vcxproj", "{6ED7CE38-932C-3ED3-8101-1905928D5CE5}"
	ProjectSection(ProjectDependencies) = postProject
		{FBBCBB5E-D09B-3C5F-BF13-063BA9C0829F} = {FBBCBB5E-D09B-3C5F-BF13-063BA9C0829F}
	EndProjectSection
EndProject
Project("{8BC9CEB8-8B4A-11D0-8D11-00A0C91BC942}") = "ext_edtaa3func", "..\..\external\edtaa3func\ext_edtaa3func.vcxproj", "{E8062C0F-33F2-3313-AA2D-42756007EBAF}"
	ProjectSection(ProjectDependencies) = postProject
		{FBBCBB5E-D09B-3C5F-BF13-063BA9C0829F} = {FBBCBB5E-D09B-3C5F-BF13-063BA9C0829F}
	EndProjectSection
EndProject
Project("{8BC9CEB8-8B4A-11D0-8D11-00A0C91BC942}") = "ext_md5", "..\..\external\md5\ext_md5.vcxproj", "{6865C004-B636-38AA-9944-6A9C1A52450F}"
	ProjectSection(ProjectDependencies) = postProject
		{FBBCBB5E-D09B-3C5F-BF13-063BA9C0829F} = {FBBCBB5E-D09B-3C5F-BF13-063BA9C0829F}
	EndProjectSection
EndProject
Project("{8BC9CEB8-8B4A-11D0-8D11-00A0C91BC942}") = "ext_poly2tri", "..\..\external\poly2tri\ext_poly2tri.vcxproj", "{35AD9540-C0DC-3C56-9382-5FCECAC339D3}"
	ProjectSection(ProjectDependencies) = postProject
		{FBBCBB5E-D09B-3C5F-BF13-063BA9C0829F} = {FBBCBB5E-D09B-3C5F-BF13-063BA9C0829F}
	EndProjectSection
EndProject
Project("{8BC9CEB8-8B4A-11D0-8D11-00A0C91BC942}") = "ext_recast", "..\..\external\recast\ext_recast.vcxproj", "{3CFA1844-A22F-3C28-994C-17DF5C76DE9B}"
	ProjectSection(ProjectDependencies) = postProject
		{FBBCBB5E-D09B-3C5F-BF13-063BA9C0829F} = {FBBCBB5E-D09B-3C5F-BF13-063BA9C0829F}
	EndProjectSection
EndProject
Project("{8BC9CEB8-8B4A-11D0-8D11-00A0C91BC942}") = "ext_tinyxml2", "..\..\external\tinyxml2\ext_tinyxml2.vcxproj", "{44AE91A8-5480-3F63-B02F-87F789CF887E}"
	ProjectSection(ProjectDependencies) = postProject
		{FBBCBB5E-D09B-3C5F-BF13-063BA9C0829F} = {FBBCBB5E-D09B-3C5F-BF13-063BA9C0829F}
	EndProjectSection
EndProject
Project("{8BC9CEB8-8B4A-11D0-8D11-00A0C91BC942}") = "ext_unzip", "..\..\external\unzip\ext_unzip.vcxproj", "{25CFC50E-F5F7-37D3-9371-F4E3976113EC}"
	ProjectSection(ProjectDependencies) = postProject
		{FBBCBB5E-D09B-3C5F-BF13-063BA9C0829F} = {FBBCBB5E-D09B-3C5F-BF13-063BA9C0829F}
	EndProjectSection
EndProject
Project("{8BC9CEB8-8B4A-11D0-8D11-00A0C91BC942}") = "ext_xxhash", "..\..\external\xxhash\ext_xxhash.vcxproj", "{B6E5DEAC-3991-3859-B3A1-23C197FAD9BC}"
	ProjectSection(ProjectDependencies) = postProject
		{FBBCBB5E-D09B-3C5F-BF13-063BA9C0829F} = {FBBCBB5E-D09B-3C5F-BF13-063BA9C0829F}
	EndProjectSection
EndProject
Project("{8BC9CEB8-8B4A-11D0-8D11-00A0C91BC942}") = "ext_xxtea", "..\..\external\xxtea\ext_xxtea.vcxproj", "{3169C8D5-EF42-394E-ACBB-7A3F5CDC1A71}"
	ProjectSection(ProjectDependencies) = postProject
		{FBBCBB5E-D09B-3C5F-BF13-063BA9C0829F} = {FBBCBB5E-D09B-3C5F-BF13-063BA9C0829F}
	EndProjectSection
EndProject
Project("{8BC9CEB8-8B4A-11D0-8D11-00A0C91BC942}") = "external", "..\..\external\external.vcxproj", "{CF824201-3A3D-33C0-80CC-BB447E1C0FBF}"
	ProjectSection(ProjectDependencies) = postProject
		{FBBCBB5E-D09B-3C5F-BF13-063BA9C0829F} = {FBBCBB5E-D09B-3C5F-BF13-063BA9C0829F}
		{28849446-FB84-3F87-A485-9ABB13A8E601} = {28849446-FB84-3F87-A485-9ABB13A8E601}
		{6ED7CE38-932C-3ED3-8101-1905928D5CE5} = {6ED7CE38-932C-3ED3-8101-1905928D5CE5}
		{E8062C0F-33F2-3313-AA2D-42756007EBAF} = {E8062C0F-33F2-3313-AA2D-42756007EBAF}
		{6865C004-B636-38AA-9944-6A9C1A52450F} = {6865C004-B636-38AA-9944-6A9C1A52450F}
		{35AD9540-C0DC-3C56-9382-5FCECAC339D3} = {35AD9540-C0DC-3C56-9382-5FCECAC339D3}
		{3CFA1844-A22F-3C28-994C-17DF5C76DE9B} = {3CFA1844-A22F-3C28-994C-17DF5C76DE9B}
		{44AE91A8-5480-3F63-B02F-87F789CF887E} = {44AE91A8-5480-3F63-B02F-87F789CF887E}
		{25CFC50E-F5F7-37D3-9371-F4E3976113EC} = {25CFC50E-F5F7-37D3-9371-F4E3976113EC}
		{B6E5DEAC-3991-3859-B3A1-23C197FAD9BC} = {B6E5DEAC-3991-3859-B3A1-23C197FAD9BC}
		{3169C8D5-EF42-394E-ACBB-7A3F5CDC1A71} = {3169C8D5-EF42-394E-ACBB-7A3F5CDC1A71}
	EndProjectSection
EndProject
Global
	GlobalSection(SolutionConfigurationPlatforms) = preSolution
		Debug|Win32 = Debug|Win32
		Release|Win32 = Release|Win32
		MinSizeRel|Win32 = MinSizeRel|Win32
		RelWithDebInfo|Win32 = RelWithDebInfo|Win32
	EndGlobalSection
	GlobalSection(ProjectConfigurationPlatforms) = postSolution
		{951A4829-ECE5-3E37-81DB-72C5DF13F7A0}.Debug|Win32.ActiveCfg = Debug|Win32
		{951A4829-ECE5-3E37-81DB-72C5DF13F7A0}.Release|Win32.ActiveCfg = Release|Win32
		{951A4829-ECE5-3E37-81DB-72C5DF13F7A0}.MinSizeRel|Win32.ActiveCfg = MinSizeRel|Win32
		{951A4829-ECE5-3E37-81DB-72C5DF13F7A0}.RelWithDebInfo|Win32.ActiveCfg = RelWithDebInfo|Win32
		{FBBCBB5E-D09B-3C5F-BF13-063BA9C0829F}.Debug|Win32.ActiveCfg = Debug|Win32
		{FBBCBB5E-D09B-3C5F-BF13-063BA9C0829F}.Debug|Win32.Build.0 = Debug|Win32
		{FBBCBB5E-D09B-3C5F-BF13-063BA9C0829F}.Release|Win32.ActiveCfg = Release|Win32
		{FBBCBB5E-D09B-3C5F-BF13-063BA9C0829F}.Release|Win32.Build.0 = Release|Win32
		{FBBCBB5E-D09B-3C5F-BF13-063BA9C0829F}.MinSizeRel|Win32.ActiveCfg = MinSizeRel|Win32
		{FBBCBB5E-D09B-3C5F-BF13-063BA9C0829F}.MinSizeRel|Win32.Build.0 = MinSizeRel|Win32
		{FBBCBB5E-D09B-3C5F-BF13-063BA9C0829F}.RelWithDebInfo|Win32.ActiveCfg = RelWithDebInfo|Win32
		{FBBCBB5E-D09B-3C5F-BF13-063BA9C0829F}.RelWithDebInfo|Win32.Build.0 = RelWithDebInfo|Win32
		{B8014718-4582-3278-8404-5EA4051E02A0}.Debug|Win32.ActiveCfg = Debug|Win32
		{B8014718-4582-3278-8404-5EA4051E02A0}.Debug|Win32.Build.0 = Debug|Win32
		{B8014718-4582-3278-8404-5EA4051E02A0}.Release|Win32.ActiveCfg = Release|Win32
		{B8014718-4582-3278-8404-5EA4051E02A0}.Release|Win32.Build.0 = Release|Win32
		{B8014718-4582-3278-8404-5EA4051E02A0}.MinSizeRel|Win32.ActiveCfg = MinSizeRel|Win32
		{B8014718-4582-3278-8404-5EA4051E02A0}.MinSizeRel|Win32.Build.0 = MinSizeRel|Win32
		{B8014718-4582-3278-8404-5EA4051E02A0}.RelWithDebInfo|Win32.ActiveCfg = RelWithDebInfo|Win32
		{B8014718-4582-3278-8404-5EA4051E02A0}.RelWithDebInfo|Win32.Build.0 = RelWithDebInfo|Win32
		{28849446-FB84-3F87-A485-9ABB13A8E601}.Debug|Win32.ActiveCfg = Debug|Win32
		{28849446-FB84-3F87-A485-9ABB13A8E601}.Debug|Win32.Build.0 = Debug|Win32
		{28849446-FB84-3F87-A485-9ABB13A8E601}.Release|Win32.ActiveCfg = Release|Win32
		{28849446-FB84-3F87-A485-9ABB13A8E601}.Release|Win32.Build.0 = Release|Win32
		{28849446-FB84-3F87-A485-9ABB13A8E601}.MinSizeRel|Win32.ActiveCfg = MinSizeRel|Win32
		{28849446-FB84-3F87-A485-9ABB13A8E601}.MinSizeRel|Win32.Build.0 = MinSizeRel|Win32
		{28849446-FB84-3F87-A485-9ABB13A8E601}.RelWithDebInfo|Win32.ActiveCfg = RelWithDebInfo|Win32
		{28849446-FB84-3F87-A485-9ABB13A8E601}.RelWithDebInfo|Win32.Build.0 = RelWithDebInfo|Win32
		{6ED7CE38-932C-3ED3-8101-1905928D5CE5}.Debug|Win32.ActiveCfg = Debug|Win32
		{6ED7CE38-932C-3ED3-8101-1905928D5CE5}.Debug|Win32.Build.0 = Debug|Win32
		{6ED7CE38-932C-3ED3-8101-1905928D5CE5}.Release|Win32.ActiveCfg = Release|Win32
		{6ED7CE38-932C-3ED3-8101-1905928D5CE5}.Release|Win32.Build.0 = Release|Win32
		{6ED7CE38-932C-3ED3-8101-1905928D5CE5}.MinSizeRel|Win32.ActiveCfg = MinSizeRel|Win32
		{6ED7CE38-932C-3ED3-8101-1905928D5CE5}.MinSizeRel|Win32.Build.0 = MinSizeRel|Win32
		{6ED7CE38-932C-3ED3-8101-1905928D5CE5}.RelWithDebInfo|Win32.ActiveCfg = RelWithDebInfo|Win32
		{6ED7CE38-932C-3ED3-8101-1905928D5CE5}.RelWithDebInfo|Win32.Build.0 = RelWithDebInfo|Win32
		{E8062C0F-33F2-3313-AA2D-42756007EBAF}.Debug|Win32.ActiveCfg = Debug|Win32
		{E8062C0F-33F2-3313-AA2D-42756007EBAF}.Debug|Win32.Build.0 = Debug|Win32
		{E8062C0F-33F2-3313-AA2D-42756007EBAF}.Release|Win32.ActiveCfg = Release|Win32
		{E8062C0F-33F2-3313-AA2D-42756007EBAF}.Release|Win32.Build.0 = Release|Win32
		{E8062C0F-33F2-3313-AA2D-42756007EBAF}.MinSizeRel|Win32.ActiveCfg = MinSizeRel|Win32
		{E8062C0F-33F2-3313-AA2D-42756007EBAF}.MinSizeRel|Win32.Build.0 = MinSizeRel|Win32
		{E8062C0F-33F2-3313-AA2D-42756007EBAF}.RelWithDebInfo|Win32.ActiveCfg = RelWithDebInfo|Win32
		{E8062C0F-33F2-3313-AA2D-42756007EBAF}.RelWithDebInfo|Win32.Build.0 = RelWithDebInfo|Win32
		{6865C004-B636-38AA-9944-6A9C1A52450F}.Debug|Win32.ActiveCfg = Debug|Win32
		{6865C004-B636-38AA-9944-6A9C1A52450F}.Debug|Win32.Build.0 = Debug|Win32
		{6865C004-B636-38AA-9944-6A9C1A52450F}.Release|Win32.ActiveCfg = Release|Win32
		{6865C004-B636-38AA-9944-6A9C1A52450F}.Release|Win32.Build.0 = Release|Win32
		{6865C004-B636-38AA-9944-6A9C1A52450F}.MinSizeRel|Win32.ActiveCfg = MinSizeRel|Win32
		{6865C004-B636-38AA-9944-6A9C1A52450F}.MinSizeRel|Win32.Build.0 = MinSizeRel|Win32
		{6865C004-B636-38AA-9944-6A9C1A52450F}.RelWithDebInfo|Win32.ActiveCfg = RelWithDebInfo|Win32
		{6865C004-B636-38AA-9944-6A9C1A52450F}.RelWithDebInfo|Win32.Build.0 = RelWithDebInfo|Win32
		{35AD9540-C0DC-3C56-9382-5FCECAC339D3}.Debug|Win32.ActiveCfg = Debug|Win32
		{35AD9540-C0DC-3C56-9382-5FCECAC339D3}.Debug|Win32.Build.0 = Debug|Win32
		{35AD9540-C0DC-3C56-9382-5FCECAC339D3}.Release|Win32.ActiveCfg = Release|Win32
		{35AD9540-C0DC-3C56-9382-5FCECAC339D3}.Release|Win32.Build.0 = Release|Win32
		{35AD9540-C0DC-3C56-9382-5FCECAC339D3}.MinSizeRel|Win32.ActiveCfg = MinSizeRel|Win32
		{35AD9540-C0DC-3C56-9382-5FCECAC339D3}.MinSizeRel|Win32.Build.0 = MinSizeRel|Win32
		{35AD9540-C0DC-3C56-9382-5FCECAC339D3}.RelWithDebInfo|Win32.ActiveCfg = RelWithDebInfo|Win32
		{35AD9540-C0DC-3C56-9382-5FCECAC339D3}.RelWithDebInfo|Win32.Build.0 = RelWithDebInfo|Win32
		{3CFA1844-A22F-3C28-994C-17DF5C76DE9B}.Debug|Win32.ActiveCfg = Debug|Win32
		{3CFA1844-A22F-3C28-994C-17DF5C76DE9B}.Debug|Win32.Build.0 = Debug|Win32
		{3CFA1844-A22F-3C28-994C-17DF5C76DE9B}.Release|Win32.ActiveCfg = Release|Win32
		{3CFA1844-A22F-3C28-994C-17DF5C76DE9B}.Release|Win32.Build.0 = Release|Win32
		{3CFA1844-A22F-3C28-994C-17DF5C76DE9B}.MinSizeRel|Win32.ActiveCfg = MinSizeRel|Win32
		{3CFA1844-A22F-3C28-994C-17DF5C76DE9B}.MinSizeRel|Win32.Build.0 = MinSizeRel|Win32
		{3CFA1844-A22F-3C28-994C-17DF5C76DE9B}.RelWithDebInfo|Win32.ActiveCfg = RelWithDebInfo|Win32
		{3CFA1844-A22F-3C28-994C-17DF5C76DE9B}.RelWithDebInfo|Win32.Build.0 = RelWithDebInfo|Win32
		{44AE91A8-5480-3F63-B02F-87F789CF887E}.Debug|Win32.ActiveCfg = Debug|Win32
		{44AE91A8-5480-3F63-B02F-87F789CF887E}.Debug|Win32.Build.0 = Debug|Win32
		{44AE91A8-5480-3F63-B02F-87F789CF887E}.Release|Win32.ActiveCfg = Release|Win32
		{44AE91A8-5480-3F63-B02F-87F789CF887E}.Release|Win32.Build.0 = Release|Win32
		{44AE91A8-5480-3F63-B02F-87F789CF887E}.MinSizeRel|Win32.ActiveCfg = MinSizeRel|Win32
		{44AE91A8-5480-3F63-B02F-87F789CF887E}.MinSizeRel|Win32.Build.0 = MinSizeRel|Win32
		{44AE91A8-5480-3F63-B02F-87F789CF887E}.RelWithDebInfo|Win32.ActiveCfg = RelWithDebInfo|Win32
		{44AE91A8-5480-3F63-B02F-87F789CF887E}.RelWithDebInfo|Win32.Build.0 = RelWithDebInfo|Win32
		{25CFC50E-F5F7-37D3-9371-F4E3976113EC}.Debug|Win32.ActiveCfg = Debug|Win32
		{25CFC50E-F5F7-37D3-9371-F4E3976113EC}.Debug|Win32.Build.0 = Debug|Win32
		{25CFC50E-F5F7-37D3-9371-F4E3976113EC}.Release|Win32.ActiveCfg = Release|Win32
		{25CFC50E-F5F7-37D3-9371-F4E3976113EC}.Release|Win32.Build.0 = Release|Win32
		{25CFC50E-F5F7-37D3-9371-F4E3976113EC}.MinSizeRel|Win32.ActiveCfg = MinSizeRel|Win32
		{25CFC50E-F5F7-37D3-9371-F4E3976113EC}.MinSizeRel|Win32.Build.0 = MinSizeRel|Win32
		{25CFC50E-F5F7-37D3-9371-F4E3976113EC}.RelWithDebInfo|Win32.ActiveCfg = RelWithDebInfo|Win32
		{25CFC50E-F5F7-37D3-9371-F4E3976113EC}.RelWithDebInfo|Win32.Build.0 = RelWithDebInfo|Win32
		{B6E5DEAC-3991-3859-B3A1-23C197FAD9BC}.Debug|Win32.ActiveCfg = Debug|Win32
		{B6E5DEAC-3991-3859-B3A1-23C197FAD9BC}.Debug|Win32.Build.0 = Debug|Win32
		{B6E5DEAC-3991-3859-B3A1-23C197FAD9BC}.Release|Win32.ActiveCfg = Release|Win32
		{B6E5DEAC-3991-3859-B3A1-23C197FAD9BC}.Release|Win32.Build.0 = Release|Win32
		{B6E5DEAC-3991-3859-B3A1-23C197FAD9BC}.MinSizeRel|Win32.ActiveCfg = MinSizeRel|Win32
		{B6E5DEAC-3991-3859-B3A1-23C197FAD9BC}.MinSizeRel|Win32.Build.0 = MinSizeRel|Win32
		{B6E5DEAC-3991-3859-B3A1-23C197FAD9BC}.RelWithDebInfo|Win32.ActiveCfg = RelWithDebInfo|Win32
		{B6E5DEAC-3991-3859-B3A1-23C197FAD9BC}.RelWithDebInfo|Win32.Build.0 = RelWithDebInfo|Win32
		{3169C8D5-EF42-394E-ACBB-7A3F5CDC1A71}.Debug|Win32.ActiveCfg = Debug|Win32
		{3169C8D5-EF42-394E-ACBB-7A3F5CDC1A71}.Debug|Win32.Build.0 = Debug|Win32
		{3169C8D5-EF42-394E-ACBB-7A3F5CDC1A71}.Release|Win32.ActiveCfg = Release|Win32
		{3169C8D5-EF42-394E-ACBB-7A3F5CDC1A71}.Release|Win32.Build.0 = Release|Win32
		{3169C8D5-EF42-394E-ACBB-7A3F5CDC1A71}.MinSizeRel|Win32.ActiveCfg = MinSizeRel|Win32
		{3169C8D5-EF42-394E-ACBB-7A3F5CDC1A71}.MinSizeRel|Win32.Build.0 = MinSizeRel|Win32
		{3169C8D5-EF42-394E-ACBB-7A3F5CDC1A71}.RelWithDebInfo|Win32.ActiveCfg = RelWithDebInfo|Win32
		{3169C8D5-EF42-394E-ACBB-7A3F5CDC1A71}.RelWithDebInfo|Win32.Build.0 = RelWithDebInfo|Win32
		{CF824201-3A3D-33C0-80CC-BB447E1C0FBF}.Debug|Win32.ActiveCfg = Debug|Win32
		{CF824201-3A3D-33C0-80CC-BB447E1C0FBF}.Debug|Win32.Build.0 = Debug|Win32
		{CF824201-3A3D-33C0-80CC-BB447E1C0FBF}.Release|Win32.ActiveCfg = Release|Win32
		{CF824201-3A3D-33C0-80CC-BB447E1C0FBF}.Release|Win32.Build.0 = Release|Win32
		{CF824201-3A3D-33C0-80CC-BB447E1C0FBF}.MinSizeRel|Win32.ActiveCfg = MinSizeRel|Win32
		{CF824201-3A3D-33C0-80CC-BB447E1C0FBF}.MinSizeRel|Win32.Build.0 = MinSizeRel|Win32
		{CF824201-3A3D-33C0-80CC-BB447E1C0FBF}.RelWithDebInfo|Win32.ActiveCfg = RelWithDebInfo|Win32
		{CF824201-3A3D-33C0-80CC-BB447E1C0FBF}.RelWithDebInfo|Win32.Build.0 = RelWithDebInfo|Win32
	EndGlobalSection
	GlobalSection(NestedProjects) = preSolution
		{951A4829-ECE5-3E37-81DB-72C5DF13F7A0} = {2A579549-0EE9-3F9A-A327-9096BCB8D111}
		{FBBCBB5E-D09B-3C5F-BF13-063BA9C0829F} = {2A579549-0EE9-3F9A-A327-9096BCB8D111}
		{28849446-FB84-3F87-A485-9ABB13A8E601} = {E6747B59-6593-3924-A3F7-EA90D1422EF4}
		{6ED7CE38-932C-3ED3-8101-1905928D5CE5} = {E6747B59-6593-3924-A3F7-EA90D1422EF4}
		{E8062C0F-33F2-3313-AA2D-42756007EBAF} = {E6747B59-6593-3924-A3F7-EA90D1422EF4}
		{6865C004-B636-38AA-9944-6A9C1A52450F} = {E6747B59-6593-3924-A3F7-EA90D1422EF4}
		{35AD9540-C0DC-3C56-9382-5FCECAC339D3} = {E6747B59-6593-3924-A3F7-EA90D1422EF4}
		{3CFA1844-A22F-3C28-994C-17DF5C76DE9B} = {E6747B59-6593-3924-A3F7-EA90D1422EF4}
		{44AE91A8-5480-3F63-B02F-87F789CF887E} = {E6747B59-6593-3924-A3F7-EA90D1422EF4}
		{25CFC50E-F5F7-37D3-9371-F4E3976113EC} = {E6747B59-6593-3924-A3F7-EA90D1422EF4}
		{B6E5DEAC-3991-3859-B3A1-23C197FAD9BC} = {E6747B59-6593-3924-A3F7-EA90D1422EF4}
		{3169C8D5-EF42-394E-ACBB-7A3F5CDC1A71} = {E6747B59-6593-3924-A3F7-EA90D1422EF4}
		{CF824201-3A3D-33C0-80CC-BB447E1C0FBF} = {E6747B59-6593-3924-A3F7-EA90D1422EF4}
		{B8014718-4582-3278-8404-5EA4051E02A0} = {042E1C9F-1AA4-3EC4-9A36-A95C5C3C13E2}
	EndGlobalSection
	GlobalSection(ExtensibilityGlobals) = postSolution
		SolutionGuid = {D3D50820-725C-3017-B918-EBAC24F3E3E3}
	EndGlobalSection
	GlobalSection(ExtensibilityAddIns) = postSolution
	EndGlobalSection
EndGlobal
